
Microsoft Visual Studio Solution File, Format Version 9.00
# Visual Studio 2005
Project("{2150E333-8FDC-42A3-9474-1A3956D46DE8}") = "Solution Items", "Solution Items", "{3D6C1300-59D1-4960-B777-34567C1680F0}"
	ProjectSection(SolutionItems) = preProject
		Todo.xml = Todo.xml
		Todo.xslt = Todo.xslt
		Version.ver = Version.ver
	EndProjectSection
EndProject
Project("{E24C65DC-7377-472B-9ABA-BC803B73C61A}") = "F:\...\Web\", "Web\", "{6A6DB86E-F185-4B66-BC29-B8C29DCAA473}"
	ProjectSection(WebsiteProperties) = preProject
		ProjectReferences = "{ECDEE937-C75C-424D-8048-BA143318BF4D}|Localization.dll;{8899E052-540E-436A-B05D-DCD2961F5ACC}|TaiyoBussan.dll;"
		Debug.AspNetCompiler.VirtualPath = "/Web"
		Debug.AspNetCompiler.PhysicalPath = "Web\"
		Debug.AspNetCompiler.TargetPath = "PrecompiledWeb\Web\"
		Debug.AspNetCompiler.Updateable = "true"
		Debug.AspNetCompiler.ForceOverwrite = "true"
		Debug.AspNetCompiler.FixedNames = "false"
		Debug.AspNetCompiler.Debug = "True"
		Release.AspNetCompiler.VirtualPath = "/Web"
		Release.AspNetCompiler.PhysicalPath = "Web\"
		Release.AspNetCompiler.TargetPath = "PrecompiledWeb\Web\"
		Release.AspNetCompiler.Updateable = "true"
		Release.AspNetCompiler.ForceOverwrite = "true"
		Release.AspNetCompiler.FixedNames = "false"
		Release.AspNetCompiler.Debug = "False"
		VWDPort = "2036"
	EndProjectSection
	ProjectSection(ProjectDependencies) = postProject
		{ECDEE937-C75C-424D-8048-BA143318BF4D} = {ECDEE937-C75C-424D-8048-BA143318BF4D}
		{579BFBF2-B5B9-44F2-8EA5-399308AA3817} = {579BFBF2-B5B9-44F2-8EA5-399308AA3817}
	EndProjectSection
EndProject
Project("{FAE04EC0-301F-11D3-BF4B-00C04F79EFBC}") = "Localization", "..\..\..\..\Third Party\Localization\Solution\Localization.csproj", "{ECDEE937-C75C-424D-8048-BA143318BF4D}"
EndProject
Project("{FAE04EC0-301F-11D3-BF4B-00C04F79EFBC}") = "CustomControls", "..\..\..\..\Personal\jjm.custom.controls\Solution\CustomControls.csproj", "{579BFBF2-B5B9-44F2-8EA5-399308AA3817}"
EndProject
Project("{1863889A-00DF-4350-BA39-669CA949CB81}") = "jsi.javascript.interface", "..\..\..\..\Personal\jsi.javascript.interface\Solution\jsi.javascript.interface.phpproj", "{C0525A51-1408-4399-93D5-8EA5733D3CB0}"
EndProject
Project("{FAE04EC0-301F-11D3-BF4B-00C04F79EFBC}") = "TaiyoBussan", "..\..\Application\TaiyoBussan\TaiyoBussan.csproj", "{8899E052-540E-436A-B05D-DCD2961F5ACC}"
EndProject
Project("{2CFEAB61-6A3B-4EB8-B523-560B4BEEF521}") = "Web_deploy", "Web_deploy\Web_deploy.wdproj", "{0F9C4E8E-E735-4B1C-B3B3-974C2AAA8308}"
EndProject
Global
	GlobalSection(SolutionConfigurationPlatforms) = preSolution
		Debug|.NET = Debug|.NET
		Debug|Any CPU = Debug|Any CPU
		Debug|Mixed Platforms = Debug|Mixed Platforms
		Debug|PHP 4 = Debug|PHP 4
		Debug|PHP 5 = Debug|PHP 5
		Local|.NET = Local|.NET
		Local|Any CPU = Local|Any CPU
		Local|Mixed Platforms = Local|Mixed Platforms
		Local|PHP 4 = Local|PHP 4
		Local|PHP 5 = Local|PHP 5
		Release|.NET = Release|.NET
		Release|Any CPU = Release|Any CPU
		Release|Mixed Platforms = Release|Mixed Platforms
		Release|PHP 4 = Release|PHP 4
		Release|PHP 5 = Release|PHP 5
		Remote|.NET = Remote|.NET
		Remote|Any CPU = Remote|Any CPU
		Remote|Mixed Platforms = Remote|Mixed Platforms
		Remote|PHP 4 = Remote|PHP 4
		Remote|PHP 5 = Remote|PHP 5
	EndGlobalSection
	GlobalSection(ProjectConfigurationPlatforms) = postSolution
		{6A6DB86E-F185-4B66-BC29-B8C29DCAA473}.Debug|.NET.ActiveCfg = Debug|.NET
		{6A6DB86E-F185-4B66-BC29-B8C29DCAA473}.Debug|.NET.Build.0 = Debug|.NET
		{6A6DB86E-F185-4B66-BC29-B8C29DCAA473}.Debug|Any CPU.ActiveCfg = Debug|.NET
		{6A6DB86E-F185-4B66-BC29-B8C29DCAA473}.Debug|Mixed Platforms.ActiveCfg = Debug|.NET
		{6A6DB86E-F185-4B66-BC29-B8C29DCAA473}.Debug|Mixed Platforms.Build.0 = Debug|.NET
		{6A6DB86E-F185-4B66-BC29-B8C29DCAA473}.Debug|PHP 4.ActiveCfg = Debug|.NET
		{6A6DB86E-F185-4B66-BC29-B8C29DCAA473}.Debug|PHP 5.ActiveCfg = Debug|.NET
		{6A6DB86E-F185-4B66-BC29-B8C29DCAA473}.Local|.NET.ActiveCfg = Debug|.NET
		{6A6DB86E-F185-4B66-BC29-B8C29DCAA473}.Local|.NET.Build.0 = Debug|.NET
		{6A6DB86E-F185-4B66-BC29-B8C29DCAA473}.Local|Any CPU.ActiveCfg = Debug|.NET
		{6A6DB86E-F185-4B66-BC29-B8C29DCAA473}.Local|Mixed Platforms.ActiveCfg = Debug|.NET
		{6A6DB86E-F185-4B66-BC29-B8C29DCAA473}.Local|Mixed Platforms.Build.0 = Debug|.NET
		{6A6DB86E-F185-4B66-BC29-B8C29DCAA473}.Local|PHP 4.ActiveCfg = Debug|.NET
		{6A6DB86E-F185-4B66-BC29-B8C29DCAA473}.Local|PHP 5.ActiveCfg = Debug|.NET
		{6A6DB86E-F185-4B66-BC29-B8C29DCAA473}.Release|.NET.ActiveCfg = Debug|.NET
		{6A6DB86E-F185-4B66-BC29-B8C29DCAA473}.Release|.NET.Build.0 = Debug|.NET
		{6A6DB86E-F185-4B66-BC29-B8C29DCAA473}.Release|Any CPU.ActiveCfg = Debug|.NET
		{6A6DB86E-F185-4B66-BC29-B8C29DCAA473}.Release|Any CPU.Build.0 = Debug|.NET
		{6A6DB86E-F185-4B66-BC29-B8C29DCAA473}.Release|Mixed Platforms.ActiveCfg = Debug|.NET
		{6A6DB86E-F185-4B66-BC29-B8C29DCAA473}.Release|Mixed Platforms.Build.0 = Debug|.NET
		{6A6DB86E-F185-4B66-BC29-B8C29DCAA473}.Release|PHP 4.ActiveCfg = Debug|.NET
		{6A6DB86E-F185-4B66-BC29-B8C29DCAA473}.Release|PHP 5.ActiveCfg = Debug|.NET
		{6A6DB86E-F185-4B66-BC29-B8C29DCAA473}.Remote|.NET.ActiveCfg = Debug|.NET
		{6A6DB86E-F185-4B66-BC29-B8C29DCAA473}.Remote|.NET.Build.0 = Debug|.NET
		{6A6DB86E-F185-4B66-BC29-B8C29DCAA473}.Remote|Any CPU.ActiveCfg = Debug|.NET
		{6A6DB86E-F185-4B66-BC29-B8C29DCAA473}.Remote|Mixed Platforms.ActiveCfg = Debug|.NET
		{6A6DB86E-F185-4B66-BC29-B8C29DCAA473}.Remote|Mixed Platforms.Build.0 = Debug|.NET
		{6A6DB86E-F185-4B66-BC29-B8C29DCAA473}.Remote|PHP 4.ActiveCfg = Debug|.NET
		{6A6DB86E-F185-4B66-BC29-B8C29DCAA473}.Remote|PHP 5.ActiveCfg = Debug|.NET
		{ECDEE937-C75C-424D-8048-BA143318BF4D}.Debug|.NET.ActiveCfg = Debug|Any CPU
		{ECDEE937-C75C-424D-8048-BA143318BF4D}.Debug|Any CPU.ActiveCfg = Debug|Any CPU
		{ECDEE937-C75C-424D-8048-BA143318BF4D}.Debug|Any CPU.Build.0 = Debug|Any CPU
		{ECDEE937-C75C-424D-8048-BA143318BF4D}.Debug|Mixed Platforms.ActiveCfg = Release|Any CPU
		{ECDEE937-C75C-424D-8048-BA143318BF4D}.Debug|PHP 4.ActiveCfg = Debug|Any CPU
		{ECDEE937-C75C-424D-8048-BA143318BF4D}.Debug|PHP 5.ActiveCfg = Debug|Any CPU
		{ECDEE937-C75C-424D-8048-BA143318BF4D}.Local|.NET.ActiveCfg = Release|Any CPU
		{ECDEE937-C75C-424D-8048-BA143318BF4D}.Local|Any CPU.ActiveCfg = Release|Any CPU
		{ECDEE937-C75C-424D-8048-BA143318BF4D}.Local|Any CPU.Build.0 = Release|Any CPU
		{ECDEE937-C75C-424D-8048-BA143318BF4D}.Local|Mixed Platforms.ActiveCfg = Release|Any CPU
		{ECDEE937-C75C-424D-8048-BA143318BF4D}.Local|Mixed Platforms.Build.0 = Release|Any CPU
		{ECDEE937-C75C-424D-8048-BA143318BF4D}.Local|PHP 4.ActiveCfg = Release|Any CPU
		{ECDEE937-C75C-424D-8048-BA143318BF4D}.Local|PHP 5.ActiveCfg = Release|Any CPU
		{ECDEE937-C75C-424D-8048-BA143318BF4D}.Release|.NET.ActiveCfg = Release|Any CPU
		{ECDEE937-C75C-424D-8048-BA143318BF4D}.Release|Any CPU.ActiveCfg = Release|Any CPU
		{ECDEE937-C75C-424D-8048-BA143318BF4D}.Release|Any CPU.Build.0 = Release|Any CPU
		{ECDEE937-C75C-424D-8048-BA143318BF4D}.Release|Mixed Platforms.ActiveCfg = Release|Any CPU
		{ECDEE937-C75C-424D-8048-BA143318BF4D}.Release|Mixed Platforms.Build.0 = Release|Any CPU
		{ECDEE937-C75C-424D-8048-BA143318BF4D}.Release|PHP 4.ActiveCfg = Release|Any CPU
		{ECDEE937-C75C-424D-8048-BA143318BF4D}.Release|PHP 5.ActiveCfg = Release|Any CPU
		{ECDEE937-C75C-424D-8048-BA143318BF4D}.Remote|.NET.ActiveCfg = Release|Any CPU
		{ECDEE937-C75C-424D-8048-BA143318BF4D}.Remote|Any CPU.ActiveCfg = Release|Any CPU
		{ECDEE937-C75C-424D-8048-BA143318BF4D}.Remote|Any CPU.Build.0 = Release|Any CPU
		{ECDEE937-C75C-424D-8048-BA143318BF4D}.Remote|Mixed Platforms.ActiveCfg = Release|Any CPU
		{ECDEE937-C75C-424D-8048-BA143318BF4D}.Remote|Mixed Platforms.Build.0 = Release|Any CPU
		{ECDEE937-C75C-424D-8048-BA143318BF4D}.Remote|PHP 4.ActiveCfg = Release|Any CPU
		{ECDEE937-C75C-424D-8048-BA143318BF4D}.Remote|PHP 5.ActiveCfg = Release|Any CPU
		{579BFBF2-B5B9-44F2-8EA5-399308AA3817}.Debug|.NET.ActiveCfg = Debug|Any CPU
		{579BFBF2-B5B9-44F2-8EA5-399308AA3817}.Debug|Any CPU.ActiveCfg = Debug|Any CPU
		{579BFBF2-B5B9-44F2-8EA5-399308AA3817}.Debug|Any CPU.Build.0 = Debug|Any CPU
		{579BFBF2-B5B9-44F2-8EA5-399308AA3817}.Debug|Mixed Platforms.ActiveCfg = Release|Any CPU
		{579BFBF2-B5B9-44F2-8EA5-399308AA3817}.Debug|PHP 4.ActiveCfg = Debug|Any CPU
		{579BFBF2-B5B9-44F2-8EA5-399308AA3817}.Debug|PHP 5.ActiveCfg = Debug|Any CPU
		{579BFBF2-B5B9-44F2-8EA5-399308AA3817}.Local|.NET.ActiveCfg = Release|Any CPU
		{579BFBF2-B5B9-44F2-8EA5-399308AA3817}.Local|Any CPU.ActiveCfg = Release|Any CPU
		{579BFBF2-B5B9-44F2-8EA5-399308AA3817}.Local|Any CPU.Build.0 = Release|Any CPU
		{579BFBF2-B5B9-44F2-8EA5-399308AA3817}.Local|Mixed Platforms.ActiveCfg = Release|Any CPU
		{579BFBF2-B5B9-44F2-8EA5-399308AA3817}.Local|Mixed Platforms.Build.0 = Release|Any CPU
		{579BFBF2-B5B9-44F2-8EA5-399308AA3817}.Local|PHP 4.ActiveCfg = Release|Any CPU
		{579BFBF2-B5B9-44F2-8EA5-399308AA3817}.Local|PHP 5.ActiveCfg = Release|Any CPU
		{579BFBF2-B5B9-44F2-8EA5-399308AA3817}.Release|.NET.ActiveCfg = Release|Any CPU
		{579BFBF2-B5B9-44F2-8EA5-399308AA3817}.Release|Any CPU.ActiveCfg = Release|Any CPU
		{579BFBF2-B5B9-44F2-8EA5-399308AA3817}.Release|Any CPU.Build.0 = Release|Any CPU
		{579BFBF2-B5B9-44F2-8EA5-399308AA3817}.Release|Mixed Platforms.ActiveCfg = Release|Any CPU
		{579BFBF2-B5B9-44F2-8EA5-399308AA3817}.Release|Mixed Platforms.Build.0 = Release|Any CPU
		{579BFBF2-B5B9-44F2-8EA5-399308AA3817}.Release|PHP 4.ActiveCfg = Release|Any CPU
		{579BFBF2-B5B9-44F2-8EA5-399308AA3817}.Release|PHP 5.ActiveCfg = Release|Any CPU
		{579BFBF2-B5B9-44F2-8EA5-399308AA3817}.Remote|.NET.ActiveCfg = Release|Any CPU
		{579BFBF2-B5B9-44F2-8EA5-399308AA3817}.Remote|Any CPU.ActiveCfg = Release|Any CPU
		{579BFBF2-B5B9-44F2-8EA5-399308AA3817}.Remote|Any CPU.Build.0 = Release|Any CPU
		{579BFBF2-B5B9-44F2-8EA5-399308AA3817}.Remote|Mixed Platforms.ActiveCfg = Release|Any CPU
		{579BFBF2-B5B9-44F2-8EA5-399308AA3817}.Remote|Mixed Platforms.Build.0 = Release|Any CPU
		{579BFBF2-B5B9-44F2-8EA5-399308AA3817}.Remote|PHP 4.ActiveCfg = Release|Any CPU
		{579BFBF2-B5B9-44F2-8EA5-399308AA3817}.Remote|PHP 5.ActiveCfg = Release|Any CPU
		{C0525A51-1408-4399-93D5-8EA5733D3CB0}.Debug|.NET.ActiveCfg = Remote|PHP 5
		{C0525A51-1408-4399-93D5-8EA5733D3CB0}.Debug|Any CPU.ActiveCfg = Remote|PHP 5
		{C0525A51-1408-4399-93D5-8EA5733D3CB0}.Debug|Mixed Platforms.ActiveCfg = Remote|PHP 4
		{C0525A51-1408-4399-93D5-8EA5733D3CB0}.Debug|PHP 4.ActiveCfg = Remote|PHP 5
		{C0525A51-1408-4399-93D5-8EA5733D3CB0}.Debug|PHP 5.ActiveCfg = Remote|PHP 5
		{C0525A51-1408-4399-93D5-8EA5733D3CB0}.Debug|PHP 5.Deploy.0 = Remote|PHP 5
		{C0525A51-1408-4399-93D5-8EA5733D3CB0}.Local|.NET.ActiveCfg = Local|PHP 5
		{C0525A51-1408-4399-93D5-8EA5733D3CB0}.Local|Any CPU.ActiveCfg = Local|PHP 5
		{C0525A51-1408-4399-93D5-8EA5733D3CB0}.Local|Mixed Platforms.ActiveCfg = Local|PHP 5
		{C0525A51-1408-4399-93D5-8EA5733D3CB0}.Local|Mixed Platforms.Deploy.0 = Local|PHP 5
		{C0525A51-1408-4399-93D5-8EA5733D3CB0}.Local|PHP 4.ActiveCfg = Local|PHP 4
		{C0525A51-1408-4399-93D5-8EA5733D3CB0}.Local|PHP 4.Deploy.0 = Local|PHP 4
		{C0525A51-1408-4399-93D5-8EA5733D3CB0}.Local|PHP 5.ActiveCfg = Local|PHP 5
		{C0525A51-1408-4399-93D5-8EA5733D3CB0}.Local|PHP 5.Deploy.0 = Local|PHP 5
		{C0525A51-1408-4399-93D5-8EA5733D3CB0}.Release|.NET.ActiveCfg = Remote|PHP 5
		{C0525A51-1408-4399-93D5-8EA5733D3CB0}.Release|Any CPU.ActiveCfg = Remote|PHP 4
		{C0525A51-1408-4399-93D5-8EA5733D3CB0}.Release|Any CPU.Deploy.0 = Remote|PHP 4
		{C0525A51-1408-4399-93D5-8EA5733D3CB0}.Release|Mixed Platforms.ActiveCfg = Remote|PHP 4
		{C0525A51-1408-4399-93D5-8EA5733D3CB0}.Release|Mixed Platforms.Deploy.0 = Remote|PHP 4
		{C0525A51-1408-4399-93D5-8EA5733D3CB0}.Release|PHP 4.ActiveCfg = Remote|PHP 5
		{C0525A51-1408-4399-93D5-8EA5733D3CB0}.Release|PHP 5.ActiveCfg = Remote|PHP 5
		{C0525A51-1408-4399-93D5-8EA5733D3CB0}.Release|PHP 5.Deploy.0 = Remote|PHP 5
		{C0525A51-1408-4399-93D5-8EA5733D3CB0}.Remote|.NET.ActiveCfg = Remote|PHP 5
		{C0525A51-1408-4399-93D5-8EA5733D3CB0}.Remote|Any CPU.ActiveCfg = Remote|PHP 5
		{C0525A51-1408-4399-93D5-8EA5733D3CB0}.Remote|Mixed Platforms.ActiveCfg = Remote|PHP 5
		{C0525A51-1408-4399-93D5-8EA5733D3CB0}.Remote|Mixed Platforms.Deploy.0 = Remote|PHP 5
		{C0525A51-1408-4399-93D5-8EA5733D3CB0}.Remote|PHP 4.ActiveCfg = Remote|PHP 4
		{C0525A51-1408-4399-93D5-8EA5733D3CB0}.Remote|PHP 4.Deploy.0 = Remote|PHP 4
		{C0525A51-1408-4399-93D5-8EA5733D3CB0}.Remote|PHP 5.ActiveCfg = Remote|PHP 5
		{C0525A51-1408-4399-93D5-8EA5733D3CB0}.Remote|PHP 5.Deploy.0 = Remote|PHP 5
		{8899E052-540E-436A-B05D-DCD2961F5ACC}.Debug|.NET.ActiveCfg = Debug|Any CPU
		{8899E052-540E-436A-B05D-DCD2961F5ACC}.Debug|Any CPU.ActiveCfg = Debug|Any CPU
		{8899E052-540E-436A-B05D-DCD2961F5ACC}.Debug|Any CPU.Build.0 = Debug|Any CPU
		{8899E052-540E-436A-B05D-DCD2961F5ACC}.Debug|Mixed Platforms.ActiveCfg = Release|Any CPU
		{8899E052-540E-436A-B05D-DCD2961F5ACC}.Debug|Mixed Platforms.Build.0 = Release|Any CPU
		{8899E052-540E-436A-B05D-DCD2961F5ACC}.Debug|PHP 4.ActiveCfg = Debug|Any CPU
		{8899E052-540E-436A-B05D-DCD2961F5ACC}.Debug|PHP 5.ActiveCfg = Debug|Any CPU
		{8899E052-540E-436A-B05D-DCD2961F5ACC}.Local|.NET.ActiveCfg = Release|Any CPU
		{8899E052-540E-436A-B05D-DCD2961F5ACC}.Local|Any CPU.ActiveCfg = Release|Any CPU
		{8899E052-540E-436A-B05D-DCD2961F5ACC}.Local|Any CPU.Build.0 = Release|Any CPU
		{8899E052-540E-436A-B05D-DCD2961F5ACC}.Local|Mixed Platforms.ActiveCfg = Release|Any CPU
		{8899E052-540E-436A-B05D-DCD2961F5ACC}.Local|Mixed Platforms.Build.0 = Release|Any CPU
		{8899E052-540E-436A-B05D-DCD2961F5ACC}.Local|PHP 4.ActiveCfg = Release|Any CPU
		{8899E052-540E-436A-B05D-DCD2961F5ACC}.Local|PHP 5.ActiveCfg = Release|Any CPU
		{8899E052-540E-436A-B05D-DCD2961F5ACC}.Release|.NET.ActiveCfg = Release|Any CPU
		{8899E052-540E-436A-B05D-DCD2961F5ACC}.Release|Any CPU.ActiveCfg = Release|Any CPU
		{8899E052-540E-436A-B05D-DCD2961F5ACC}.Release|Any CPU.Build.0 = Release|Any CPU
		{8899E052-540E-436A-B05D-DCD2961F5ACC}.Release|Mixed Platforms.ActiveCfg = Release|Any CPU
		{8899E052-540E-436A-B05D-DCD2961F5ACC}.Release|Mixed Platforms.Build.0 = Release|Any CPU
		{8899E052-540E-436A-B05D-DCD2961F5ACC}.Release|PHP 4.ActiveCfg = Release|Any CPU
		{8899E052-540E-436A-B05D-DCD2961F5ACC}.Release|PHP 5.ActiveCfg = Release|Any CPU
		{8899E052-540E-436A-B05D-DCD2961F5ACC}.Remote|.NET.ActiveCfg = Release|Any CPU
		{8899E052-540E-436A-B05D-DCD2961F5ACC}.Remote|Any CPU.ActiveCfg = Release|Any CPU
		{8899E052-540E-436A-B05D-DCD2961F5ACC}.Remote|Any CPU.Build.0 = Release|Any CPU
		{8899E052-540E-436A-B05D-DCD2961F5ACC}.Remote|Mixed Platforms.ActiveCfg = Release|Any CPU
		{8899E052-540E-436A-B05D-DCD2961F5ACC}.Remote|Mixed Platforms.Build.0 = Release|Any CPU
		{8899E052-540E-436A-B05D-DCD2961F5ACC}.Remote|PHP 4.ActiveCfg = Release|Any CPU
		{8899E052-540E-436A-B05D-DCD2961F5ACC}.Remote|PHP 5.ActiveCfg = Release|Any CPU
		{0F9C4E8E-E735-4B1C-B3B3-974C2AAA8308}.Debug|.NET.ActiveCfg = Debug|Any CPU
		{0F9C4E8E-E735-4B1C-B3B3-974C2AAA8308}.Debug|Any CPU.ActiveCfg = Release|Any CPU
		{0F9C4E8E-E735-4B1C-B3B3-974C2AAA8308}.Debug|Mixed Platforms.ActiveCfg = Debug|Any CPU
		{0F9C4E8E-E735-4B1C-B3B3-974C2AAA8308}.Debug|Mixed Platforms.Build.0 = Debug|Any CPU
		{0F9C4E8E-E735-4B1C-B3B3-974C2AAA8308}.Debug|PHP 4.ActiveCfg = Debug|Any CPU
		{0F9C4E8E-E735-4B1C-B3B3-974C2AAA8308}.Debug|PHP 5.ActiveCfg = Debug|Any CPU
		{0F9C4E8E-E735-4B1C-B3B3-974C2AAA8308}.Local|.NET.ActiveCfg = Release|Any CPU
		{0F9C4E8E-E735-4B1C-B3B3-974C2AAA8308}.Local|Any CPU.ActiveCfg = Release|Any CPU
		{0F9C4E8E-E735-4B1C-B3B3-974C2AAA8308}.Local|Any CPU.Build.0 = Release|Any CPU
		{0F9C4E8E-E735-4B1C-B3B3-974C2AAA8308}.Local|Mixed Platforms.ActiveCfg = Release|Any CPU
		{0F9C4E8E-E735-4B1C-B3B3-974C2AAA8308}.Local|Mixed Platforms.Build.0 = Release|Any CPU
		{0F9C4E8E-E735-4B1C-B3B3-974C2AAA8308}.Local|PHP 4.ActiveCfg = Release|Any CPU
		{0F9C4E8E-E735-4B1C-B3B3-974C2AAA8308}.Local|PHP 5.ActiveCfg = Release|Any CPU
		{0F9C4E8E-E735-4B1C-B3B3-974C2AAA8308}.Release|.NET.ActiveCfg = Release|Any CPU
		{0F9C4E8E-E735-4B1C-B3B3-974C2AAA8308}.Release|Any CPU.ActiveCfg = Release|Any CPU
		{0F9C4E8E-E735-4B1C-B3B3-974C2AAA8308}.Release|Any CPU.Build.0 = Release|Any CPU
		{0F9C4E8E-E735-4B1C-B3B3-974C2AAA8308}.Release|Mixed Platforms.ActiveCfg = Release|Any CPU
		{0F9C4E8E-E735-4B1C-B3B3-974C2AAA8308}.Release|Mixed Platforms.Build.0 = Release|Any CPU
		{0F9C4E8E-E735-4B1C-B3B3-974C2AAA8308}.Release|PHP 4.ActiveCfg = Release|Any CPU
		{0F9C4E8E-E735-4B1C-B3B3-974C2AAA8308}.Release|PHP 5.ActiveCfg = Release|Any CPU
		{0F9C4E8E-E735-4B1C-B3B3-974C2AAA8308}.Remote|.NET.ActiveCfg = Release|Any CPU
		{0F9C4E8E-E735-4B1C-B3B3-974C2AAA8308}.Remote|Any CPU.ActiveCfg = Release|Any CPU
		{0F9C4E8E-E735-4B1C-B3B3-974C2AAA8308}.Remote|Any CPU.Build.0 = Release|Any CPU
		{0F9C4E8E-E735-4B1C-B3B3-974C2AAA8308}.Remote|Mixed Platforms.ActiveCfg = Release|Any CPU
		{0F9C4E8E-E735-4B1C-B3B3-974C2AAA8308}.Remote|Mixed Platforms.Build.0 = Release|Any CPU
		{0F9C4E8E-E735-4B1C-B3B3-974C2AAA8308}.Remote|PHP 4.ActiveCfg = Release|Any CPU
		{0F9C4E8E-E735-4B1C-B3B3-974C2AAA8308}.Remote|PHP 5.ActiveCfg = Release|Any CPU
	EndGlobalSection
	GlobalSection(SolutionProperties) = preSolution
		HideSolutionNode = FALSE
	EndGlobalSection
EndGlobal
