
Microsoft Visual Studio Solution File, Format Version 10.00
# Visual Studio 2008
Project("{2150E333-8FDC-42A3-9474-1A3956D46DE8}") = "Solution Items", "Solution Items", "{AA8600D3-9DB8-4D3F-980F-3B1180A5471C}"
	ProjectSection(SolutionItems) = preProject
		Version.ver = Version.ver
	EndProjectSection
EndProject
Project("{E24C65DC-7377-472B-9ABA-BC803B73C61A}") = "Web", "Web\", "{1B10B344-F8AE-44D2-BB4C-CCDD175826F2}"
	ProjectSection(WebsiteProperties) = preProject
		TargetFramework = "2.0"
		ProjectReferences = "{8899E052-540E-436A-B05D-DCD2961F5ACC}|TaiyoBussan.dll;{579BFBF2-B5B9-44F2-8EA5-399308AA3817}|CustomControls.dll;"
		Debug.AspNetCompiler.VirtualPath = "/Web"
		Debug.AspNetCompiler.PhysicalPath = "Web\"
		Debug.AspNetCompiler.TargetPath = "PrecompiledWeb\Web\"
		Debug.AspNetCompiler.Updateable = "true"
		Debug.AspNetCompiler.ForceOverwrite = "true"
		Debug.AspNetCompiler.FixedNames = "false"
		Debug.AspNetCompiler.Debug = "True"
		Release.AspNetCompiler.VirtualPath = "/Web"
		Release.AspNetCompiler.PhysicalPath = "Web\"
		Release.AspNetCompiler.TargetPath = "PrecompiledWeb\Web\"
		Release.AspNetCompiler.Updateable = "true"
		Release.AspNetCompiler.ForceOverwrite = "true"
		Release.AspNetCompiler.FixedNames = "false"
		Release.AspNetCompiler.Debug = "False"
		VWDPort = "4675"
	EndProjectSection
EndProject
Project("{FAE04EC0-301F-11D3-BF4B-00C04F79EFBC}") = "Localization", "..\..\..\..\Third Party\Localization\Solution\Localization.csproj", "{ECDEE937-C75C-424D-8048-BA143318BF4D}"
EndProject
Project("{FAE04EC0-301F-11D3-BF4B-00C04F79EFBC}") = "CustomControls", "..\..\..\..\Personal\jjm.custom.controls\Solution\CustomControls.csproj", "{579BFBF2-B5B9-44F2-8EA5-399308AA3817}"
EndProject
Project("{2CFEAB61-6A3B-4EB8-B523-560B4BEEF521}") = "Trading_Deploy", "Deploy\Trading_Deploy\Trading_Deploy.wdproj", "{6ED5CED8-7BB8-4937-AEF6-2A6F01C944FC}"
EndProject
Project("{FAE04EC0-301F-11D3-BF4B-00C04F79EFBC}") = "TaiyoBussan", "..\..\Application\TaiyoBussan\TaiyoBussan.csproj", "{8899E052-540E-436A-B05D-DCD2961F5ACC}"
EndProject
Global
	GlobalSection(SolutionConfigurationPlatforms) = preSolution
		Debug|.NET = Debug|.NET
		Debug|Any CPU = Debug|Any CPU
		Debug|Mixed Platforms = Debug|Mixed Platforms
		Debug|PHP 4 = Debug|PHP 4
		Debug|PHP 5 = Debug|PHP 5
		Local|.NET = Local|.NET
		Local|Any CPU = Local|Any CPU
		Local|Mixed Platforms = Local|Mixed Platforms
		Local|PHP 4 = Local|PHP 4
		Local|PHP 5 = Local|PHP 5
		Release|.NET = Release|.NET
		Release|Any CPU = Release|Any CPU
		Release|Mixed Platforms = Release|Mixed Platforms
		Release|PHP 4 = Release|PHP 4
		Release|PHP 5 = Release|PHP 5
		Remote|.NET = Remote|.NET
		Remote|Any CPU = Remote|Any CPU
		Remote|Mixed Platforms = Remote|Mixed Platforms
		Remote|PHP 4 = Remote|PHP 4
		Remote|PHP 5 = Remote|PHP 5
	EndGlobalSection
	GlobalSection(ProjectConfigurationPlatforms) = postSolution
		{1B10B344-F8AE-44D2-BB4C-CCDD175826F2}.Debug|.NET.ActiveCfg = Debug|.NET
		{1B10B344-F8AE-44D2-BB4C-CCDD175826F2}.Debug|.NET.Build.0 = Debug|.NET
		{1B10B344-F8AE-44D2-BB4C-CCDD175826F2}.Debug|Any CPU.ActiveCfg = Debug|.NET
		{1B10B344-F8AE-44D2-BB4C-CCDD175826F2}.Debug|Mixed Platforms.ActiveCfg = Debug|.NET
		{1B10B344-F8AE-44D2-BB4C-CCDD175826F2}.Debug|Mixed Platforms.Build.0 = Debug|.NET
		{1B10B344-F8AE-44D2-BB4C-CCDD175826F2}.Debug|PHP 4.ActiveCfg = Debug|.NET
		{1B10B344-F8AE-44D2-BB4C-CCDD175826F2}.Debug|PHP 5.ActiveCfg = Debug|.NET
		{1B10B344-F8AE-44D2-BB4C-CCDD175826F2}.Local|.NET.ActiveCfg = Debug|.NET
		{1B10B344-F8AE-44D2-BB4C-CCDD175826F2}.Local|.NET.Build.0 = Debug|.NET
		{1B10B344-F8AE-44D2-BB4C-CCDD175826F2}.Local|Any CPU.ActiveCfg = Debug|.NET
		{1B10B344-F8AE-44D2-BB4C-CCDD175826F2}.Local|Mixed Platforms.ActiveCfg = Debug|.NET
		{1B10B344-F8AE-44D2-BB4C-CCDD175826F2}.Local|Mixed Platforms.Build.0 = Debug|.NET
		{1B10B344-F8AE-44D2-BB4C-CCDD175826F2}.Local|PHP 4.ActiveCfg = Debug|.NET
		{1B10B344-F8AE-44D2-BB4C-CCDD175826F2}.Local|PHP 5.ActiveCfg = Debug|.NET
		{1B10B344-F8AE-44D2-BB4C-CCDD175826F2}.Release|.NET.ActiveCfg = Debug|.NET
		{1B10B344-F8AE-44D2-BB4C-CCDD175826F2}.Release|.NET.Build.0 = Debug|.NET
		{1B10B344-F8AE-44D2-BB4C-CCDD175826F2}.Release|Any CPU.ActiveCfg = Debug|.NET
		{1B10B344-F8AE-44D2-BB4C-CCDD175826F2}.Release|Mixed Platforms.ActiveCfg = Debug|.NET
		{1B10B344-F8AE-44D2-BB4C-CCDD175826F2}.Release|Mixed Platforms.Build.0 = Debug|.NET
		{1B10B344-F8AE-44D2-BB4C-CCDD175826F2}.Release|PHP 4.ActiveCfg = Debug|.NET
		{1B10B344-F8AE-44D2-BB4C-CCDD175826F2}.Release|PHP 5.ActiveCfg = Debug|.NET
		{1B10B344-F8AE-44D2-BB4C-CCDD175826F2}.Remote|.NET.ActiveCfg = Debug|.NET
		{1B10B344-F8AE-44D2-BB4C-CCDD175826F2}.Remote|.NET.Build.0 = Debug|.NET
		{1B10B344-F8AE-44D2-BB4C-CCDD175826F2}.Remote|Any CPU.ActiveCfg = Debug|.NET
		{1B10B344-F8AE-44D2-BB4C-CCDD175826F2}.Remote|Mixed Platforms.ActiveCfg = Debug|.NET
		{1B10B344-F8AE-44D2-BB4C-CCDD175826F2}.Remote|Mixed Platforms.Build.0 = Debug|.NET
		{1B10B344-F8AE-44D2-BB4C-CCDD175826F2}.Remote|PHP 4.ActiveCfg = Debug|.NET
		{1B10B344-F8AE-44D2-BB4C-CCDD175826F2}.Remote|PHP 5.ActiveCfg = Debug|.NET
		{ECDEE937-C75C-424D-8048-BA143318BF4D}.Debug|.NET.ActiveCfg = Debug|Any CPU
		{ECDEE937-C75C-424D-8048-BA143318BF4D}.Debug|Any CPU.ActiveCfg = Debug|Any CPU
		{ECDEE937-C75C-424D-8048-BA143318BF4D}.Debug|Any CPU.Build.0 = Debug|Any CPU
		{ECDEE937-C75C-424D-8048-BA143318BF4D}.Debug|Mixed Platforms.ActiveCfg = Debug|Any CPU
		{ECDEE937-C75C-424D-8048-BA143318BF4D}.Debug|PHP 4.ActiveCfg = Debug|Any CPU
		{ECDEE937-C75C-424D-8048-BA143318BF4D}.Debug|PHP 5.ActiveCfg = Debug|Any CPU
		{ECDEE937-C75C-424D-8048-BA143318BF4D}.Local|.NET.ActiveCfg = Release|Any CPU
		{ECDEE937-C75C-424D-8048-BA143318BF4D}.Local|Any CPU.ActiveCfg = Release|Any CPU
		{ECDEE937-C75C-424D-8048-BA143318BF4D}.Local|Any CPU.Build.0 = Release|Any CPU
		{ECDEE937-C75C-424D-8048-BA143318BF4D}.Local|Mixed Platforms.ActiveCfg = Release|Any CPU
		{ECDEE937-C75C-424D-8048-BA143318BF4D}.Local|Mixed Platforms.Build.0 = Release|Any CPU
		{ECDEE937-C75C-424D-8048-BA143318BF4D}.Local|PHP 4.ActiveCfg = Release|Any CPU
		{ECDEE937-C75C-424D-8048-BA143318BF4D}.Local|PHP 5.ActiveCfg = Release|Any CPU
		{ECDEE937-C75C-424D-8048-BA143318BF4D}.Release|.NET.ActiveCfg = Release|Any CPU
		{ECDEE937-C75C-424D-8048-BA143318BF4D}.Release|Any CPU.ActiveCfg = Release|Any CPU
		{ECDEE937-C75C-424D-8048-BA143318BF4D}.Release|Any CPU.Build.0 = Release|Any CPU
		{ECDEE937-C75C-424D-8048-BA143318BF4D}.Release|Mixed Platforms.ActiveCfg = Release|Any CPU
		{ECDEE937-C75C-424D-8048-BA143318BF4D}.Release|Mixed Platforms.Build.0 = Release|Any CPU
		{ECDEE937-C75C-424D-8048-BA143318BF4D}.Release|PHP 4.ActiveCfg = Release|Any CPU
		{ECDEE937-C75C-424D-8048-BA143318BF4D}.Release|PHP 5.ActiveCfg = Release|Any CPU
		{ECDEE937-C75C-424D-8048-BA143318BF4D}.Remote|.NET.ActiveCfg = Release|Any CPU
		{ECDEE937-C75C-424D-8048-BA143318BF4D}.Remote|Any CPU.ActiveCfg = Release|Any CPU
		{ECDEE937-C75C-424D-8048-BA143318BF4D}.Remote|Any CPU.Build.0 = Release|Any CPU
		{ECDEE937-C75C-424D-8048-BA143318BF4D}.Remote|Mixed Platforms.ActiveCfg = Release|Any CPU
		{ECDEE937-C75C-424D-8048-BA143318BF4D}.Remote|Mixed Platforms.Build.0 = Release|Any CPU
		{ECDEE937-C75C-424D-8048-BA143318BF4D}.Remote|PHP 4.ActiveCfg = Release|Any CPU
		{ECDEE937-C75C-424D-8048-BA143318BF4D}.Remote|PHP 5.ActiveCfg = Release|Any CPU
		{579BFBF2-B5B9-44F2-8EA5-399308AA3817}.Debug|.NET.ActiveCfg = Debug|Any CPU
		{579BFBF2-B5B9-44F2-8EA5-399308AA3817}.Debug|Any CPU.ActiveCfg = Debug|Any CPU
		{579BFBF2-B5B9-44F2-8EA5-399308AA3817}.Debug|Any CPU.Build.0 = Debug|Any CPU
		{579BFBF2-B5B9-44F2-8EA5-399308AA3817}.Debug|Mixed Platforms.ActiveCfg = Debug|Any CPU
		{579BFBF2-B5B9-44F2-8EA5-399308AA3817}.Debug|PHP 4.ActiveCfg = Debug|Any CPU
		{579BFBF2-B5B9-44F2-8EA5-399308AA3817}.Debug|PHP 5.ActiveCfg = Debug|Any CPU
		{579BFBF2-B5B9-44F2-8EA5-399308AA3817}.Local|.NET.ActiveCfg = Release|Any CPU
		{579BFBF2-B5B9-44F2-8EA5-399308AA3817}.Local|Any CPU.ActiveCfg = Release|Any CPU
		{579BFBF2-B5B9-44F2-8EA5-399308AA3817}.Local|Any CPU.Build.0 = Release|Any CPU
		{579BFBF2-B5B9-44F2-8EA5-399308AA3817}.Local|Mixed Platforms.ActiveCfg = Release|Any CPU
		{579BFBF2-B5B9-44F2-8EA5-399308AA3817}.Local|Mixed Platforms.Build.0 = Release|Any CPU
		{579BFBF2-B5B9-44F2-8EA5-399308AA3817}.Local|PHP 4.ActiveCfg = Release|Any CPU
		{579BFBF2-B5B9-44F2-8EA5-399308AA3817}.Local|PHP 5.ActiveCfg = Release|Any CPU
		{579BFBF2-B5B9-44F2-8EA5-399308AA3817}.Release|.NET.ActiveCfg = Release|Any CPU
		{579BFBF2-B5B9-44F2-8EA5-399308AA3817}.Release|Any CPU.ActiveCfg = Release|Any CPU
		{579BFBF2-B5B9-44F2-8EA5-399308AA3817}.Release|Any CPU.Build.0 = Release|Any CPU
		{579BFBF2-B5B9-44F2-8EA5-399308AA3817}.Release|Mixed Platforms.ActiveCfg = Release|Any CPU
		{579BFBF2-B5B9-44F2-8EA5-399308AA3817}.Release|Mixed Platforms.Build.0 = Release|Any CPU
		{579BFBF2-B5B9-44F2-8EA5-399308AA3817}.Release|PHP 4.ActiveCfg = Release|Any CPU
		{579BFBF2-B5B9-44F2-8EA5-399308AA3817}.Release|PHP 5.ActiveCfg = Release|Any CPU
		{579BFBF2-B5B9-44F2-8EA5-399308AA3817}.Remote|.NET.ActiveCfg = Release|Any CPU
		{579BFBF2-B5B9-44F2-8EA5-399308AA3817}.Remote|Any CPU.ActiveCfg = Release|Any CPU
		{579BFBF2-B5B9-44F2-8EA5-399308AA3817}.Remote|Any CPU.Build.0 = Release|Any CPU
		{579BFBF2-B5B9-44F2-8EA5-399308AA3817}.Remote|Mixed Platforms.ActiveCfg = Release|Any CPU
		{579BFBF2-B5B9-44F2-8EA5-399308AA3817}.Remote|Mixed Platforms.Build.0 = Release|Any CPU
		{579BFBF2-B5B9-44F2-8EA5-399308AA3817}.Remote|PHP 4.ActiveCfg = Release|Any CPU
		{579BFBF2-B5B9-44F2-8EA5-399308AA3817}.Remote|PHP 5.ActiveCfg = Release|Any CPU
		{6ED5CED8-7BB8-4937-AEF6-2A6F01C944FC}.Debug|.NET.ActiveCfg = Debug|Any CPU
		{6ED5CED8-7BB8-4937-AEF6-2A6F01C944FC}.Debug|Any CPU.ActiveCfg = Debug|Any CPU
		{6ED5CED8-7BB8-4937-AEF6-2A6F01C944FC}.Debug|Any CPU.Build.0 = Debug|Any CPU
		{6ED5CED8-7BB8-4937-AEF6-2A6F01C944FC}.Debug|Mixed Platforms.ActiveCfg = Release|Any CPU
		{6ED5CED8-7BB8-4937-AEF6-2A6F01C944FC}.Debug|PHP 4.ActiveCfg = Debug|Any CPU
		{6ED5CED8-7BB8-4937-AEF6-2A6F01C944FC}.Debug|PHP 5.ActiveCfg = Debug|Any CPU
		{6ED5CED8-7BB8-4937-AEF6-2A6F01C944FC}.Local|.NET.ActiveCfg = Release|Any CPU
		{6ED5CED8-7BB8-4937-AEF6-2A6F01C944FC}.Local|Any CPU.ActiveCfg = Release|Any CPU
		{6ED5CED8-7BB8-4937-AEF6-2A6F01C944FC}.Local|Any CPU.Build.0 = Release|Any CPU
		{6ED5CED8-7BB8-4937-AEF6-2A6F01C944FC}.Local|Mixed Platforms.ActiveCfg = Release|Any CPU
		{6ED5CED8-7BB8-4937-AEF6-2A6F01C944FC}.Local|Mixed Platforms.Build.0 = Release|Any CPU
		{6ED5CED8-7BB8-4937-AEF6-2A6F01C944FC}.Local|PHP 4.ActiveCfg = Release|Any CPU
		{6ED5CED8-7BB8-4937-AEF6-2A6F01C944FC}.Local|PHP 5.ActiveCfg = Release|Any CPU
		{6ED5CED8-7BB8-4937-AEF6-2A6F01C944FC}.Release|.NET.ActiveCfg = Release|Any CPU
		{6ED5CED8-7BB8-4937-AEF6-2A6F01C944FC}.Release|Any CPU.ActiveCfg = Release|Any CPU
		{6ED5CED8-7BB8-4937-AEF6-2A6F01C944FC}.Release|Any CPU.Build.0 = Release|Any CPU
		{6ED5CED8-7BB8-4937-AEF6-2A6F01C944FC}.Release|Mixed Platforms.ActiveCfg = Release|Any CPU
		{6ED5CED8-7BB8-4937-AEF6-2A6F01C944FC}.Release|Mixed Platforms.Build.0 = Release|Any CPU
		{6ED5CED8-7BB8-4937-AEF6-2A6F01C944FC}.Release|PHP 4.ActiveCfg = Release|Any CPU
		{6ED5CED8-7BB8-4937-AEF6-2A6F01C944FC}.Release|PHP 5.ActiveCfg = Release|Any CPU
		{6ED5CED8-7BB8-4937-AEF6-2A6F01C944FC}.Remote|.NET.ActiveCfg = Release|Any CPU
		{6ED5CED8-7BB8-4937-AEF6-2A6F01C944FC}.Remote|Any CPU.ActiveCfg = Release|Any CPU
		{6ED5CED8-7BB8-4937-AEF6-2A6F01C944FC}.Remote|Any CPU.Build.0 = Release|Any CPU
		{6ED5CED8-7BB8-4937-AEF6-2A6F01C944FC}.Remote|Mixed Platforms.ActiveCfg = Release|Any CPU
		{6ED5CED8-7BB8-4937-AEF6-2A6F01C944FC}.Remote|Mixed Platforms.Build.0 = Release|Any CPU
		{6ED5CED8-7BB8-4937-AEF6-2A6F01C944FC}.Remote|PHP 4.ActiveCfg = Release|Any CPU
		{6ED5CED8-7BB8-4937-AEF6-2A6F01C944FC}.Remote|PHP 5.ActiveCfg = Release|Any CPU
		{8899E052-540E-436A-B05D-DCD2961F5ACC}.Debug|.NET.ActiveCfg = Debug|Any CPU
		{8899E052-540E-436A-B05D-DCD2961F5ACC}.Debug|Any CPU.ActiveCfg = Debug|Any CPU
		{8899E052-540E-436A-B05D-DCD2961F5ACC}.Debug|Any CPU.Build.0 = Debug|Any CPU
		{8899E052-540E-436A-B05D-DCD2961F5ACC}.Debug|Mixed Platforms.ActiveCfg = Debug|Any CPU
		{8899E052-540E-436A-B05D-DCD2961F5ACC}.Debug|Mixed Platforms.Build.0 = Debug|Any CPU
		{8899E052-540E-436A-B05D-DCD2961F5ACC}.Debug|PHP 4.ActiveCfg = Debug|Any CPU
		{8899E052-540E-436A-B05D-DCD2961F5ACC}.Debug|PHP 5.ActiveCfg = Debug|Any CPU
		{8899E052-540E-436A-B05D-DCD2961F5ACC}.Local|.NET.ActiveCfg = Release|Any CPU
		{8899E052-540E-436A-B05D-DCD2961F5ACC}.Local|Any CPU.ActiveCfg = Release|Any CPU
		{8899E052-540E-436A-B05D-DCD2961F5ACC}.Local|Any CPU.Build.0 = Release|Any CPU
		{8899E052-540E-436A-B05D-DCD2961F5ACC}.Local|Mixed Platforms.ActiveCfg = Release|Any CPU
		{8899E052-540E-436A-B05D-DCD2961F5ACC}.Local|Mixed Platforms.Build.0 = Release|Any CPU
		{8899E052-540E-436A-B05D-DCD2961F5ACC}.Local|PHP 4.ActiveCfg = Release|Any CPU
		{8899E052-540E-436A-B05D-DCD2961F5ACC}.Local|PHP 5.ActiveCfg = Release|Any CPU
		{8899E052-540E-436A-B05D-DCD2961F5ACC}.Release|.NET.ActiveCfg = Release|Any CPU
		{8899E052-540E-436A-B05D-DCD2961F5ACC}.Release|Any CPU.ActiveCfg = Release|Any CPU
		{8899E052-540E-436A-B05D-DCD2961F5ACC}.Release|Any CPU.Build.0 = Release|Any CPU
		{8899E052-540E-436A-B05D-DCD2961F5ACC}.Release|Mixed Platforms.ActiveCfg = Release|Any CPU
		{8899E052-540E-436A-B05D-DCD2961F5ACC}.Release|Mixed Platforms.Build.0 = Release|Any CPU
		{8899E052-540E-436A-B05D-DCD2961F5ACC}.Release|PHP 4.ActiveCfg = Release|Any CPU
		{8899E052-540E-436A-B05D-DCD2961F5ACC}.Release|PHP 5.ActiveCfg = Release|Any CPU
		{8899E052-540E-436A-B05D-DCD2961F5ACC}.Remote|.NET.ActiveCfg = Release|Any CPU
		{8899E052-540E-436A-B05D-DCD2961F5ACC}.Remote|Any CPU.ActiveCfg = Release|Any CPU
		{8899E052-540E-436A-B05D-DCD2961F5ACC}.Remote|Any CPU.Build.0 = Release|Any CPU
		{8899E052-540E-436A-B05D-DCD2961F5ACC}.Remote|Mixed Platforms.ActiveCfg = Release|Any CPU
		{8899E052-540E-436A-B05D-DCD2961F5ACC}.Remote|Mixed Platforms.Build.0 = Release|Any CPU
		{8899E052-540E-436A-B05D-DCD2961F5ACC}.Remote|PHP 4.ActiveCfg = Release|Any CPU
		{8899E052-540E-436A-B05D-DCD2961F5ACC}.Remote|PHP 5.ActiveCfg = Release|Any CPU
	EndGlobalSection
	GlobalSection(SolutionProperties) = preSolution
		HideSolutionNode = FALSE
	EndGlobalSection
EndGlobal
